
Microsoft Visual Studio Solution File, Format Version 12.00
# Visual Studio Version 17
VisualStudioVersion = 17.11.35327.3
MinimumVisualStudioVersion = 10.0.40219.1
Project("{FAE04EC0-301F-11D3-BF4B-00C04F79EFBC}") = "AzureFunctionDemo", "AzureFunctionDemo.csproj", "{F38C06D4-03B6-42FA-B0DC-379C978DCF82}"
EndProject
Global
	GlobalSection(SolutionConfigurationPlatforms) = preSolution
		Debug|Any CPU = Debug|Any CPU
		Release|Any CPU = Release|Any CPU
	EndGlobalSection
	GlobalSection(ProjectConfigurationPlatforms) = postSolution
		{F38C06D4-03B6-42FA-B0DC-379C978DCF82}.Debug|Any CPU.ActiveCfg = Debug|Any CPU
		{F38C06D4-03B6-42FA-B0DC-379C978DCF82}.Debug|Any CPU.Build.0 = Debug|Any CPU
		{F38C06D4-03B6-42FA-B0DC-379C978DCF82}.Release|Any CPU.ActiveCfg = Release|Any CPU
		{F38C06D4-03B6-42FA-B0DC-379C978DCF82}.Release|Any CPU.Build.0 = Release|Any CPU
	EndGlobalSection
	GlobalSection(SolutionProperties) = preSolution
		HideSolutionNode = FALSE
	EndGlobalSection
	GlobalSection(ExtensibilityGlobals) = postSolution
		SolutionGuid = {A6868254-BF2E-43EF-AA52-493B5EC28479}
	EndGlobalSection
EndGlobal
